
Microsoft Visual Studio Solution File, Format Version 12.00
# Visual Studio 15
VisualStudioVersion = 15.0.27703.2035
MinimumVisualStudioVersion = 10.0.40219.1
Project("{FAE04EC0-301F-11D3-BF4B-00C04F79EFBC}") = "ParserCore", "ParserCore\ParserCore.csproj", "{20B77E7E-865B-4B9E-A04B-4FC0744F8552}"
EndProject
Project("{FAE04EC0-301F-11D3-BF4B-00C04F79EFBC}") = "ParserCore.Test", "ParserCore.Test\ParserCore.Test.csproj", "{71DD812D-0D1D-4D84-B0F5-E7334DDC1F34}"
EndProject
Global
	GlobalSection(SolutionConfigurationPlatforms) = preSolution
		Debug|Any CPU = Debug|Any CPU
		Release|Any CPU = Release|Any CPU
	EndGlobalSection
	GlobalSection(ProjectConfigurationPlatforms) = postSolution
		{20B77E7E-865B-4B9E-A04B-4FC0744F8552}.Debug|Any CPU.ActiveCfg = Debug|Any CPU
		{20B77E7E-865B-4B9E-A04B-4FC0744F8552}.Debug|Any CPU.Build.0 = Debug|Any CPU
		{20B77E7E-865B-4B9E-A04B-4FC0744F8552}.Release|Any CPU.ActiveCfg = Release|Any CPU
		{20B77E7E-865B-4B9E-A04B-4FC0744F8552}.Release|Any CPU.Build.0 = Release|Any CPU
		{71DD812D-0D1D-4D84-B0F5-E7334DDC1F34}.Debug|Any CPU.ActiveCfg = Debug|Any CPU
		{71DD812D-0D1D-4D84-B0F5-E7334DDC1F34}.Debug|Any CPU.Build.0 = Debug|Any CPU
		{71DD812D-0D1D-4D84-B0F5-E7334DDC1F34}.Release|Any CPU.ActiveCfg = Release|Any CPU
		{71DD812D-0D1D-4D84-B0F5-E7334DDC1F34}.Release|Any CPU.Build.0 = Release|Any CPU
	EndGlobalSection
	GlobalSection(SolutionProperties) = preSolution
		HideSolutionNode = FALSE
	EndGlobalSection
	GlobalSection(ExtensibilityGlobals) = postSolution
		SolutionGuid = {857D6E8D-8EAC-485E-8593-20F9A7F48065}
	EndGlobalSection
EndGlobal
